{
  "originHash" : "2a966aa6397e8f3c92b2cd8ff8083c295cba2cdab63d5285e49bcb74f7b2cfed",
  "pins" : [
    {
      "identity" : "kitbase",
      "kind" : "remoteSourceControl",
      "location" : "https://github.com/sinbadbd/KitBase",
      "state" : {
        "branch" : "main",
        "revision" : "30a793419538bab6c7d31dce5e75ec06ba17f75d"
      }
    }
  ],
  "version" : 3
}
